
Microsoft Visual Studio Solution File, Format Version 12.00
# Visual Studio 11
Project("{8BC9CEB8-8B4A-11D0-8D11-00A0C91BC942}") = "Cora", "Cora\Cora.vcxproj", "{1CA78CC0-7F45-E08C-88D5-8AC67A858AB6}"
EndProject
Project("{2150E333-8FDC-42A3-9474-1A3956D46DE8}") = "Solution Items", "Solution Items", "{DE07ADA1-A1B5-4498-B560-4969F98BDA78}"
EndProject
Global
	GlobalSection(SolutionConfigurationPlatforms) = preSolution
		Debug|Win32 = Debug|Win32
		Release|Win32 = Release|Win32
	EndGlobalSection
	GlobalSection(ProjectConfigurationPlatforms) = postSolution
		{1CA78CC0-7F45-E08C-88D5-8AC67A858AB6}.Debug|Win32.ActiveCfg = Debug|Win32
		{1CA78CC0-7F45-E08C-88D5-8AC67A858AB6}.Debug|Win32.Build.0 = Debug|Win32
		{1CA78CC0-7F45-E08C-88D5-8AC67A858AB6}.Release|Win32.ActiveCfg = Release|Win32
		{1CA78CC0-7F45-E08C-88D5-8AC67A858AB6}.Release|Win32.Build.0 = Release|Win32
	EndGlobalSection
	GlobalSection(SolutionProperties) = preSolution
		HideSolutionNode = FALSE
	EndGlobalSection
EndGlobal
