<?xml version="1.0" encoding="utf-8"?>
<Project ToolsVersion="4.0" xmlns="http://schemas.microsoft.com/developer/msbuild/2003">
  <ItemGroup>
    <Filter Include="Source Files">
      <UniqueIdentifier>{4FC737F1-C7A5-4376-A066-2A32D752A2FF}</UniqueIdentifier>
      <Extensions>cpp;c;cc;cxx;def;odl;idl;hpj;bat;asm;asmx</Extensions>
    </Filter>
    <Filter Include="Header Files">
      <UniqueIdentifier>{93995380-89BD-4b04-88EB-625FBE52EBFB}</UniqueIdentifier>
      <Extensions>h;hpp;hxx;hm;inl;inc;xsd</Extensions>
    </Filter>
    <Filter Include="Resource Files">
      <UniqueIdentifier>{67DA6AB6-F800-4c08-8B7A-83BB121AAD01}</UniqueIdentifier>
      <Extensions>rc;ico;cur;bmp;dlg;rc2;rct;bin;rgs;gif;jpg;jpeg;jpe;resx;tiff;tif;png;wav;mfcribbon-ms</Extensions>
    </Filter>
    <Filter Include="Source Files\sys">
      <UniqueIdentifier>{3fc5e3d4-0801-49a3-b581-ec80910f1d04}</UniqueIdentifier>
    </Filter>
    <Filter Include="Header Files\sys">
      <UniqueIdentifier>{1d63b3a1-99b4-473a-9c8d-2264ff2a67c8}</UniqueIdentifier>
    </Filter>
    <Filter Include="Header Files\blocks">
      <UniqueIdentifier>{708e12fb-31b7-4a8c-92a2-3a28e3c83203}</UniqueIdentifier>
    </Filter>
    <Filter Include="Source Files\blocks">
      <UniqueIdentifier>{3aa0245e-76f1-4dbe-a88c-0c8a8efe996a}</UniqueIdentifier>
    </Filter>
    <Filter Include="Header Files\dbgplot">
      <UniqueIdentifier>{98038135-88bd-4be2-b157-1dcab2e4cd29}</UniqueIdentifier>
    </Filter>
    <Filter Include="Header Files\sora">
      <UniqueIdentifier>{2c51e42c-f285-4bd8-b4f2-7f181ce4962a}</UniqueIdentifier>
    </Filter>
  </ItemGroup>
  <ItemGroup>
    <Text Include="ReadMe.txt" />
  </ItemGroup>
  <ItemGroup>
    <ClInclude Include="stdafx.h">
      <Filter>Header Files</Filter>
    </ClInclude>
    <ClInclude Include="targetver.h">
      <Filter>Header Files</Filter>
    </ClInclude>
    <ClInclude Include="TSchedule.h">
      <Filter>Header Files</Filter>
    </ClInclude>
    <ClInclude Include="TOP.h">
      <Filter>Header Files</Filter>
    </ClInclude>
    <ClInclude Include="TPipeline.h">
      <Filter>Header Files</Filter>
    </ClInclude>
    <ClInclude Include="TTask.h">
      <Filter>Header Files</Filter>
    </ClInclude>
    <ClInclude Include="TObject.h">
      <Filter>Header Files</Filter>
    </ClInclude>
    <ClInclude Include="TBlock.h">
      <Filter>Header Files</Filter>
    </ClInclude>
    <ClInclude Include="TArray.h">
      <Filter>Header Files</Filter>
    </ClInclude>
    <ClInclude Include="TChannel.h">
      <Filter>Header Files</Filter>
    </ClInclude>
    <ClInclude Include="TOnce.h">
      <Filter>Header Files</Filter>
    </ClInclude>
    <ClInclude Include="TThread.h">
      <Filter>Header Files</Filter>
    </ClInclude>
    <ClInclude Include="sys\dsp_buffer.h">
      <Filter>Header Files\sys</Filter>
    </ClInclude>
    <ClInclude Include="sys\dsp_complex.h">
      <Filter>Header Files\sys</Filter>
    </ClInclude>
    <ClInclude Include="sys\dsp_sysconfig.h">
      <Filter>Header Files\sys</Filter>
    </ClInclude>
    <ClInclude Include="sys\dsp_vector1.h">
      <Filter>Header Files\sys</Filter>
    </ClInclude>
    <ClInclude Include="sys\dsp_source.h">
      <Filter>Header Files\sys</Filter>
    </ClInclude>
    <ClInclude Include="blocks\b_file_source.h">
      <Filter>Header Files\blocks</Filter>
    </ClInclude>
    <ClInclude Include="blocks\b_moving_energy.h">
      <Filter>Header Files\blocks</Filter>
    </ClInclude>
    <ClInclude Include="sys\dsp_tickcount.h">
      <Filter>Header Files\sys</Filter>
    </ClInclude>
    <ClInclude Include="sys\dsp_log.h">
      <Filter>Header Files\sys</Filter>
    </ClInclude>
    <ClInclude Include="sys\dsp_math.h">
      <Filter>Header Files\sys</Filter>
    </ClInclude>
    <ClInclude Include="blocks\b_frequest_offset.h">
      <Filter>Header Files\blocks</Filter>
    </ClInclude>
    <ClInclude Include="blocks\b_channel_estimator.h">
      <Filter>Header Files\blocks</Filter>
    </ClInclude>
    <ClInclude Include="blocks\b_fft.h">
      <Filter>Header Files\blocks</Filter>
    </ClInclude>
    <ClInclude Include="blocks\b_mrc_combine.h">
      <Filter>Header Files\blocks</Filter>
    </ClInclude>
    <ClInclude Include="blocks\b_channel_compensator.h">
      <Filter>Header Files\blocks</Filter>
    </ClInclude>
    <ClInclude Include="blocks\b_auto_corr.h">
      <Filter>Header Files\blocks</Filter>
    </ClInclude>
    <ClInclude Include="blocks\b_lstf_searcher.h">
      <Filter>Header Files\blocks</Filter>
    </ClInclude>
    <ClInclude Include="sys\dsp_demap.h">
      <Filter>Header Files\sys</Filter>
    </ClInclude>
    <ClInclude Include="sys\dsp_map.h">
      <Filter>Header Files\sys</Filter>
    </ClInclude>
    <ClInclude Include="blocks\b_demap.h">
      <Filter>Header Files\blocks</Filter>
    </ClInclude>
    <ClInclude Include="blocks\b_remove_gi.h">
      <Filter>Header Files\blocks</Filter>
    </ClInclude>
    <ClInclude Include="blocks\b_deinterleave.h">
      <Filter>Header Files\blocks</Filter>
    </ClInclude>
    <ClInclude Include="blocks\b_viterbi.h">
      <Filter>Header Files\blocks</Filter>
    </ClInclude>
    <ClInclude Include="blocks\b_lsig_parser.h">
      <Filter>Header Files\blocks</Filter>
    </ClInclude>
    <ClInclude Include="sys\dsp_crc.h">
      <Filter>Header Files\sys</Filter>
    </ClInclude>
    <ClInclude Include="sys\dsp_types.h">
      <Filter>Header Files\sys</Filter>
    </ClInclude>
    <ClInclude Include="blocks\b_htsig_parser.h">
      <Filter>Header Files\blocks</Filter>
    </ClInclude>
    <ClInclude Include="blocks\b_drop.h">
      <Filter>Header Files\blocks</Filter>
    </ClInclude>
    <ClInclude Include="blocks\b_mimo_channel_estimator.h">
      <Filter>Header Files\blocks</Filter>
    </ClInclude>
    <ClInclude Include="blocks\b_mimo_channel_compensator.h">
      <Filter>Header Files\blocks</Filter>
    </ClInclude>
    <ClInclude Include="blocks\b_stream_joiner.h">
      <Filter>Header Files\blocks</Filter>
    </ClInclude>
    <ClInclude Include="sys\dsp_draw.h">
      <Filter>Header Files\sys</Filter>
    </ClInclude>
    <ClInclude Include="sys\dsp_helper.h">
      <Filter>Header Files\sys</Filter>
    </ClInclude>
    <ClInclude Include="blocks\b_plot.h">
      <Filter>Header Files\blocks</Filter>
    </ClInclude>
    <ClInclude Include="blocks\b_descramble.h">
      <Filter>Header Files\blocks</Filter>
    </ClInclude>
    <ClInclude Include="sys\dsp_scramble.h">
      <Filter>Header Files\sys</Filter>
    </ClInclude>
    <ClInclude Include="blocks\b_crc.h">
      <Filter>Header Files\blocks</Filter>
    </ClInclude>
    <ClInclude Include="sys\dsp_processor.h">
      <Filter>Header Files\sys</Filter>
    </ClInclude>
    <ClInclude Include="blocks\b_dot11n_param.h">
      <Filter>Header Files\blocks</Filter>
    </ClInclude>
    <ClInclude Include="TParallel.h">
      <Filter>Header Files</Filter>
    </ClInclude>
    <ClInclude Include="blocks\b_pilot_tracking.h">
      <Filter>Header Files\blocks</Filter>
    </ClInclude>
    <ClInclude Include="blocks\__b_viterbi.h">
      <Filter>Header Files\blocks</Filter>
    </ClInclude>
    <ClInclude Include="sys\dsp_cmd.h">
      <Filter>Header Files\sys</Filter>
    </ClInclude>
    <ClInclude Include="blocks\b_dot11n_rx.h">
      <Filter>Header Files\blocks</Filter>
    </ClInclude>
    <ClInclude Include="sys\dsp_ofdm_symbol.h">
      <Filter>Header Files\sys</Filter>
    </ClInclude>
    <ClInclude Include="TReset.h">
      <Filter>Header Files</Filter>
    </ClInclude>
    <ClInclude Include="blocks\b_conv.h">
      <Filter>Header Files\blocks</Filter>
    </ClInclude>
    <ClInclude Include="blocks\b_dot11n_lstf.h">
      <Filter>Header Files\blocks</Filter>
    </ClInclude>
    <ClInclude Include="blocks\b_dot11n_lltf.h">
      <Filter>Header Files\blocks</Filter>
    </ClInclude>
    <ClInclude Include="blocks\b_dot11n_htstf.h">
      <Filter>Header Files\blocks</Filter>
    </ClInclude>
    <ClInclude Include="blocks\b_dot11n_htltf.h">
      <Filter>Header Files\blocks</Filter>
    </ClInclude>
    <ClInclude Include="blocks\b_dot11n_lsig.h">
      <Filter>Header Files\blocks</Filter>
    </ClInclude>
    <ClInclude Include="blocks\b_dot11n_htsig.h">
      <Filter>Header Files\blocks</Filter>
    </ClInclude>
    <ClInclude Include="blocks\b_stream_parser.h">
      <Filter>Header Files\blocks</Filter>
    </ClInclude>
    <ClInclude Include="blocks\b_dot11n_tx_ifft.h">
      <Filter>Header Files\blocks</Filter>
    </ClInclude>
    <ClInclude Include="blocks\b_dot11n_csd.h">
      <Filter>Header Files\blocks</Filter>
    </ClInclude>
    <ClInclude Include="blocks\b_dot11n_add_cp.h">
      <Filter>Header Files\blocks</Filter>
    </ClInclude>
    <ClInclude Include="blocks\b_dot11n_dma_join.h">
      <Filter>Header Files\blocks</Filter>
    </ClInclude>
    <ClInclude Include="blocks\b_dot11n_map.h">
      <Filter>Header Files\blocks</Filter>
    </ClInclude>
    <ClInclude Include="blocks\b_dot11a_map.h">
      <Filter>Header Files\blocks</Filter>
    </ClInclude>
    <ClInclude Include="blocks\b_dot11a_interleave.h">
      <Filter>Header Files\blocks</Filter>
    </ClInclude>
    <ClInclude Include="blocks\b_dot11n_interleave.h">
      <Filter>Header Files\blocks</Filter>
    </ClInclude>
    <ClInclude Include="blocks\b_dot11n_scramble.h">
      <Filter>Header Files\blocks</Filter>
    </ClInclude>
    <ClInclude Include="blocks\b_dot11_frame_source.h">
      <Filter>Header Files\blocks</Filter>
    </ClInclude>
    <ClInclude Include="blocks\b_dot11a_add_pilot.h">
      <Filter>Header Files\blocks</Filter>
    </ClInclude>
    <ClInclude Include="blocks\b_dot11n_add_pilot.h">
      <Filter>Header Files\blocks</Filter>
    </ClInclude>
    <ClInclude Include="blocks\b_dot11n_tx.h">
      <Filter>Header Files\blocks</Filter>
    </ClInclude>
    <ClInclude Include="blocks\b_wait.h">
      <Filter>Header Files\blocks</Filter>
    </ClInclude>
    <ClInclude Include="TMain.h">
      <Filter>Header Files</Filter>
    </ClInclude>
    <ClInclude Include="blocks\b_producer.h">
      <Filter>Header Files\blocks</Filter>
    </ClInclude>
    <ClInclude Include="blocks\b_consumer.h">
      <Filter>Header Files\blocks</Filter>
    </ClInclude>
    <ClInclude Include="blocks\b_mumimo_2x2_tx.h">
      <Filter>Header Files\blocks</Filter>
    </ClInclude>
    <ClInclude Include="blocks\b_mumimo_4x4_tx.h">
      <Filter>Header Files\blocks</Filter>
    </ClInclude>
    <ClInclude Include="blocks\b_mumimo_4x4_rx.h">
      <Filter>Header Files\blocks</Filter>
    </ClInclude>
    <ClInclude Include="blocks\b_mumimo_2x2_rx.h">
      <Filter>Header Files\blocks</Filter>
    </ClInclude>
    <ClInclude Include="blocks\b_noise_estimator.h">
      <Filter>Header Files\blocks</Filter>
    </ClInclude>
    <ClInclude Include="blocks\b_awgn.h">
      <Filter>Header Files\blocks</Filter>
    </ClInclude>
    <ClInclude Include="dbgplot\inc\DebugPlotU.h">
      <Filter>Header Files\dbgplot</Filter>
    </ClInclude>
    <ClInclude Include="blocks\b_passthru.h">
      <Filter>Header Files\blocks</Filter>
    </ClInclude>
    <ClInclude Include="blocks\b_dot11n_rx_profile.h">
      <Filter>Header Files\blocks</Filter>
    </ClInclude>
    <ClInclude Include="sys\dsp_channel_matrix.h">
      <Filter>Header Files\sys</Filter>
    </ClInclude>
    <ClInclude Include="sys\dsp_console.h">
      <Filter>Header Files\sys</Filter>
    </ClInclude>
    <ClInclude Include="sys\_windows.h">
      <Filter>Header Files</Filter>
    </ClInclude>
    <ClInclude Include=".\blocks\b_socket.h">
      <Filter>Header Files\blocks</Filter>
    </ClInclude>
    <ClInclude Include="blocks\b_hw_source.h">
      <Filter>Header Files\blocks</Filter>
    </ClInclude>
    <ClInclude Include="sorainc\_auto_mutex_k.h">
      <Filter>Header Files\sora</Filter>
    </ClInclude>
    <ClInclude Include="sorainc\_auto_mutex_u.h">
      <Filter>Header Files\sora</Filter>
    </ClInclude>
    <ClInclude Include="sorainc\_core_thread.h">
      <Filter>Header Files\sora</Filter>
    </ClInclude>
    <ClInclude Include="sorainc\_enlist.h">
      <Filter>Header Files\sora</Filter>
    </ClInclude>
    <ClInclude Include="sorainc\_fsm.h">
      <Filter>Header Files\sora</Filter>
    </ClInclude>
    <ClInclude Include="sorainc\_hw_op.h">
      <Filter>Header Files\sora</Filter>
    </ClInclude>
    <ClInclude Include="sorainc\_new.h">
      <Filter>Header Files\sora</Filter>
    </ClInclude>
    <ClInclude Include="sorainc\_packet_base.h">
      <Filter>Header Files\sora</Filter>
    </ClInclude>
    <ClInclude Include="sorainc\_private_ext_k.h">
      <Filter>Header Files\sora</Filter>
    </ClInclude>
    <ClInclude Include="sorainc\_private_ext_u.h">
      <Filter>Header Files\sora</Filter>
    </ClInclude>
    <ClInclude Include="sorainc\_radio_manager.h">
      <Filter>Header Files\sora</Filter>
    </ClInclude>
    <ClInclude Include="sorainc\_reg_conf.h">
      <Filter>Header Files\sora</Filter>
    </ClInclude>
    <ClInclude Include="sorainc\_rx_manager.h">
      <Filter>Header Files\sora</Filter>
    </ClInclude>
    <ClInclude Include="sorainc\_rx_stream.h">
      <Filter>Header Files\sora</Filter>
    </ClInclude>
    <ClInclude Include="sorainc\_scheduler.h">
      <Filter>Header Files\sora</Filter>
    </ClInclude>
    <ClInclude Include="sorainc\_share_lock_if.h">
      <Filter>Header Files\sora</Filter>
    </ClInclude>
    <ClInclude Include="sorainc\_share_lock_kimp.h">
      <Filter>Header Files\sora</Filter>
    </ClInclude>
    <ClInclude Include="sorainc\_share_lock_uimp.h">
      <Filter>Header Files\sora</Filter>
    </ClInclude>
    <ClInclude Include="sorainc\_share_mem_if.h">
      <Filter>Header Files\sora</Filter>
    </ClInclude>
    <ClInclude Include="sorainc\_share_mem_kimp.h">
      <Filter>Header Files\sora</Filter>
    </ClInclude>
    <ClInclude Include="sorainc\_share_mem_uimp.h">
      <Filter>Header Files\sora</Filter>
    </ClInclude>
    <ClInclude Include="sorainc\_signal_cache.h">
      <Filter>Header Files\sora</Filter>
    </ClInclude>
    <ClInclude Include="sorainc\_sora_clock.h">
      <Filter>Header Files\sora</Filter>
    </ClInclude>
    <ClInclude Include="sorainc\_sora_regman.h">
      <Filter>Header Files\sora</Filter>
    </ClInclude>
    <ClInclude Include="sorainc\_tx_manager2.h">
      <Filter>Header Files\sora</Filter>
    </ClInclude>
    <ClInclude Include="sorainc\_UExtK.h">
      <Filter>Header Files\sora</Filter>
    </ClInclude>
    <ClInclude Include="sorainc\_user_mode_ext.h">
      <Filter>Header Files\sora</Filter>
    </ClInclude>
    <ClInclude Include="sorainc\_WARP_Control.h">
      <Filter>Header Files\sora</Filter>
    </ClInclude>
    <ClInclude Include="sorainc\_WARP_Regs.h">
      <Filter>Header Files\sora</Filter>
    </ClInclude>
    <ClInclude Include="sorainc\alinew.h">
      <Filter>Header Files\sora</Filter>
    </ClInclude>
    <ClInclude Include="sorainc\complex.h">
      <Filter>Header Files\sora</Filter>
    </ClInclude>
    <ClInclude Include="sorainc\complex_ext.h">
      <Filter>Header Files\sora</Filter>
    </ClInclude>
    <ClInclude Include="sorainc\const.h">
      <Filter>Header Files\sora</Filter>
    </ClInclude>
    <ClInclude Include="sorainc\CRC16.h">
      <Filter>Header Files\sora</Filter>
    </ClInclude>
    <ClInclude Include="sorainc\CRC32.h">
      <Filter>Header Files\sora</Filter>
    </ClInclude>
    <ClInclude Include="sorainc\diagnostics.h">
      <Filter>Header Files\sora</Filter>
    </ClInclude>
    <ClInclude Include="sorainc\fft.h">
      <Filter>Header Files\sora</Filter>
    </ClInclude>
    <ClInclude Include="sorainc\fft_lut_bitreversal.h">
      <Filter>Header Files\sora</Filter>
    </ClInclude>
    <ClInclude Include="sorainc\fft_lut_twiddle.h">
      <Filter>Header Files\sora</Filter>
    </ClInclude>
    <ClInclude Include="sorainc\fft_r4dif.h">
      <Filter>Header Files\sora</Filter>
    </ClInclude>
    <ClInclude Include="sorainc\func.h">
      <Filter>Header Files\sora</Filter>
    </ClInclude>
    <ClInclude Include="sorainc\ifft_r4dif.h">
      <Filter>Header Files\sora</Filter>
    </ClInclude>
    <ClInclude Include="sorainc\intalg.h">
      <Filter>Header Files\sora</Filter>
    </ClInclude>
    <ClInclude Include="sorainc\intalglut.h">
      <Filter>Header Files\sora</Filter>
    </ClInclude>
    <ClInclude Include="sorainc\resource_collection.h">
      <Filter>Header Files\sora</Filter>
    </ClInclude>
    <ClInclude Include="sorainc\rxstream.h">
      <Filter>Header Files\sora</Filter>
    </ClInclude>
    <ClInclude Include="sorainc\send_packet_data.h">
      <Filter>Header Files\sora</Filter>
    </ClInclude>
    <ClInclude Include="sorainc\smart_pointer.h">
      <Filter>Header Files\sora</Filter>
    </ClInclude>
    <ClInclude Include="sorainc\sora.h">
      <Filter>Header Files\sora</Filter>
    </ClInclude>
    <ClInclude Include="sorainc\soradsp.h">
      <Filter>Header Files\sora</Filter>
    </ClInclude>
    <ClInclude Include="sorainc\soradsp_asm.h">
      <Filter>Header Files\sora</Filter>
    </ClInclude>
    <ClInclude Include="sorainc\soratime.h">
      <Filter>Header Files\sora</Filter>
    </ClInclude>
    <ClInclude Include="sorainc\soratypes.h">
      <Filter>Header Files\sora</Filter>
    </ClInclude>
    <ClInclude Include="sorainc\thread_func.h">
      <Filter>Header Files\sora</Filter>
    </ClInclude>
    <ClInclude Include="sorainc\thread_if.h">
      <Filter>Header Files\sora</Filter>
    </ClInclude>
    <ClInclude Include="sorainc\tpltrick.h">
      <Filter>Header Files\sora</Filter>
    </ClInclude>
    <ClInclude Include="sorainc\typeof.h">
      <Filter>Header Files\sora</Filter>
    </ClInclude>
    <ClInclude Include="sorainc\unroll.h">
      <Filter>Header Files\sora</Filter>
    </ClInclude>
    <ClInclude Include="sorainc\uwdm.h">
      <Filter>Header Files\sora</Filter>
    </ClInclude>
    <ClInclude Include="sorainc\variadic_macro.h">
      <Filter>Header Files\sora</Filter>
    </ClInclude>
    <ClInclude Include="sorainc\vector128.h">
      <Filter>Header Files\sora</Filter>
    </ClInclude>
    <ClInclude Include="blocks\b_hw_sink.h">
      <Filter>Header Files\blocks</Filter>
    </ClInclude>
    <ClInclude Include="blocks\b_audio.h">
      <Filter>Header Files\blocks</Filter>
    </ClInclude>
    <ClInclude Include="TAutoPerf.h">
      <Filter>Header Files</Filter>
    </ClInclude>
    <ClInclude Include="blocks\b_perf_source.h">
      <Filter>Header Files\blocks</Filter>
    </ClInclude>
    <ClInclude Include="blocks\b_perf_sink.h">
      <Filter>Header Files\blocks</Filter>
    </ClInclude>
    <ClInclude Include="sys\dsp_viterbi.h">
      <Filter>Header Files</Filter>
    </ClInclude>
    <ClInclude Include="blocks\b_fir.h">
      <Filter>Header Files\blocks</Filter>
    </ClInclude>
  </ItemGroup>
  <ItemGroup>
    <ClCompile Include="stdafx.cpp">
      <Filter>Source Files</Filter>
    </ClCompile>
    <ClCompile Include="Cora.cpp">
      <Filter>Source Files</Filter>
    </ClCompile>
    <ClCompile Include="TThread.cpp">
      <Filter>Source Files</Filter>
    </ClCompile>
    <ClCompile Include="sys\dsp_buffer.cpp">
      <Filter>Source Files\sys</Filter>
    </ClCompile>
    <ClCompile Include="sys\dsp_sysconfig.cpp">
      <Filter>Source Files\sys</Filter>
    </ClCompile>
    <ClCompile Include="sys\dsp_vector1.cpp">
      <Filter>Source Files\sys</Filter>
    </ClCompile>
    <ClCompile Include="sys\dsp_log.cpp">
      <Filter>Source Files\sys</Filter>
    </ClCompile>
    <ClCompile Include="sys\dsp_global.cpp">
      <Filter>Source Files\sys</Filter>
    </ClCompile>
    <ClCompile Include="sys\dsp_math.cpp">
      <Filter>Source Files\sys</Filter>
    </ClCompile>
    <ClCompile Include="sys\dsp_demap.cpp">
      <Filter>Source Files\sys</Filter>
    </ClCompile>
    <ClCompile Include="sys\dsp_crc.cpp">
      <Filter>Source Files\sys</Filter>
    </ClCompile>
    <ClCompile Include="sys\dsp_draw.cpp">
      <Filter>Source Files\sys</Filter>
    </ClCompile>
    <ClCompile Include="sys\dsp_scramble.cpp">
      <Filter>Source Files\sys</Filter>
    </ClCompile>
    <ClCompile Include="sys\dsp_processor.cpp">
      <Filter>Source Files\sys</Filter>
    </ClCompile>
    <ClCompile Include="TTask.cpp">
      <Filter>Source Files</Filter>
    </ClCompile>
    <ClCompile Include="blocks\__b_viterbi.cpp">
      <Filter>Source Files\blocks</Filter>
    </ClCompile>
    <ClCompile Include="blocks\_b_conv.cpp">
      <Filter>Source Files\blocks</Filter>
    </ClCompile>
    <ClCompile Include="blocks\_b_lstf.cpp">
      <Filter>Source Files\blocks</Filter>
    </ClCompile>
    <ClCompile Include="blocks\_b_lltf.cpp">
      <Filter>Source Files\blocks</Filter>
    </ClCompile>
    <ClCompile Include="blocks\_b_htstf.cpp">
      <Filter>Source Files\blocks</Filter>
    </ClCompile>
    <ClCompile Include="blocks\_b_htltf.cpp">
      <Filter>Source Files\blocks</Filter>
    </ClCompile>
  </ItemGroup>
</Project>